Microsoft Visual Studio Solution File, Format Version 12.00
# Visual Studio 15
Project("{8BC9CEB8-8B4A-11D0-8D11-00A0C91BC942}") = "ALL_BUILD", "ALL_BUILD.vcxproj", "{64A9407F-DBCC-32CF-848A-39B3DDA48640}"
	ProjectSection(ProjectDependencies) = postProject
		{F6B3520C-BE18-311F-BDBE-F3D89058215F} = {F6B3520C-BE18-311F-BDBE-F3D89058215F}
		{07A71AB3-245E-3822-8BB8-B2EF1A0A8C0A} = {07A71AB3-245E-3822-8BB8-B2EF1A0A8C0A}
		{855C8842-3531-3848-9125-20FC2D5D8E57} = {855C8842-3531-3848-9125-20FC2D5D8E57}
		{7CB64612-82FB-36E1-B396-E7560206F9E9} = {7CB64612-82FB-36E1-B396-E7560206F9E9}
		{21CD74E0-1837-3AB8-9D20-F9A1B553270B} = {21CD74E0-1837-3AB8-9D20-F9A1B553270B}
		{1760021B-525D-3A69-8D04-D1B8AB45ACFD} = {1760021B-525D-3A69-8D04-D1B8AB45ACFD}
		{2A8E6FE9-E070-3703-A5A8-353D638D46E3} = {2A8E6FE9-E070-3703-A5A8-353D638D46E3}
		{96F4D46F-201F-3163-8BB2-ED8AC21C82BE} = {96F4D46F-201F-3163-8BB2-ED8AC21C82BE}
		{80C73570-DE00-3174-B39E-76EEFE606853} = {80C73570-DE00-3174-B39E-76EEFE606853}
		{DF6D05D7-36D3-3006-87C2-47D811062C62} = {DF6D05D7-36D3-3006-87C2-47D811062C62}
	EndProjectSection
EndProject
Project("{8BC9CEB8-8B4A-11D0-8D11-00A0C91BC942}") = "INSTALL", "INSTALL.vcxproj", "{0D6DB17B-72E5-3F9D-B1AC-DF6166919919}"
	ProjectSection(ProjectDependencies) = postProject
		{64A9407F-DBCC-32CF-848A-39B3DDA48640} = {64A9407F-DBCC-32CF-848A-39B3DDA48640}
		{F6B3520C-BE18-311F-BDBE-F3D89058215F} = {F6B3520C-BE18-311F-BDBE-F3D89058215F}
	EndProjectSection
EndProject
Project("{8BC9CEB8-8B4A-11D0-8D11-00A0C91BC942}") = "ZERO_CHECK", "ZERO_CHECK.vcxproj", "{F6B3520C-BE18-311F-BDBE-F3D89058215F}"
	ProjectSection(ProjectDependencies) = postProject
	EndProjectSection
EndProject
Project("{8BC9CEB8-8B4A-11D0-8D11-00A0C91BC942}") = "example1", "examples\example1.vcxproj", "{07A71AB3-245E-3822-8BB8-B2EF1A0A8C0A}"
	ProjectSection(ProjectDependencies) = postProject
		{F6B3520C-BE18-311F-BDBE-F3D89058215F} = {F6B3520C-BE18-311F-BDBE-F3D89058215F}
		{DF6D05D7-36D3-3006-87C2-47D811062C62} = {DF6D05D7-36D3-3006-87C2-47D811062C62}
	EndProjectSection
EndProject
Project("{8BC9CEB8-8B4A-11D0-8D11-00A0C91BC942}") = "example2", "examples\example2.vcxproj", "{855C8842-3531-3848-9125-20FC2D5D8E57}"
	ProjectSection(ProjectDependencies) = postProject
		{F6B3520C-BE18-311F-BDBE-F3D89058215F} = {F6B3520C-BE18-311F-BDBE-F3D89058215F}
		{DF6D05D7-36D3-3006-87C2-47D811062C62} = {DF6D05D7-36D3-3006-87C2-47D811062C62}
	EndProjectSection
EndProject
Project("{8BC9CEB8-8B4A-11D0-8D11-00A0C91BC942}") = "example3", "examples\example3.vcxproj", "{7CB64612-82FB-36E1-B396-E7560206F9E9}"
	ProjectSection(ProjectDependencies) = postProject
		{F6B3520C-BE18-311F-BDBE-F3D89058215F} = {F6B3520C-BE18-311F-BDBE-F3D89058215F}
		{DF6D05D7-36D3-3006-87C2-47D811062C62} = {DF6D05D7-36D3-3006-87C2-47D811062C62}
	EndProjectSection
EndProject
Project("{8BC9CEB8-8B4A-11D0-8D11-00A0C91BC942}") = "example4", "examples\example4.vcxproj", "{21CD74E0-1837-3AB8-9D20-F9A1B553270B}"
	ProjectSection(ProjectDependencies) = postProject
		{F6B3520C-BE18-311F-BDBE-F3D89058215F} = {F6B3520C-BE18-311F-BDBE-F3D89058215F}
		{DF6D05D7-36D3-3006-87C2-47D811062C62} = {DF6D05D7-36D3-3006-87C2-47D811062C62}
	EndProjectSection
EndProject
Project("{8BC9CEB8-8B4A-11D0-8D11-00A0C91BC942}") = "example5", "examples\example5.vcxproj", "{1760021B-525D-3A69-8D04-D1B8AB45ACFD}"
	ProjectSection(ProjectDependencies) = postProject
		{F6B3520C-BE18-311F-BDBE-F3D89058215F} = {F6B3520C-BE18-311F-BDBE-F3D89058215F}
		{DF6D05D7-36D3-3006-87C2-47D811062C62} = {DF6D05D7-36D3-3006-87C2-47D811062C62}
	EndProjectSection
EndProject
Project("{8BC9CEB8-8B4A-11D0-8D11-00A0C91BC942}") = "example6", "examples\example6.vcxproj", "{2A8E6FE9-E070-3703-A5A8-353D638D46E3}"
	ProjectSection(ProjectDependencies) = postProject
		{F6B3520C-BE18-311F-BDBE-F3D89058215F} = {F6B3520C-BE18-311F-BDBE-F3D89058215F}
		{DF6D05D7-36D3-3006-87C2-47D811062C62} = {DF6D05D7-36D3-3006-87C2-47D811062C62}
	EndProjectSection
EndProject
Project("{8BC9CEB8-8B4A-11D0-8D11-00A0C91BC942}") = "example7", "examples\example7.vcxproj", "{96F4D46F-201F-3163-8BB2-ED8AC21C82BE}"
	ProjectSection(ProjectDependencies) = postProject
		{F6B3520C-BE18-311F-BDBE-F3D89058215F} = {F6B3520C-BE18-311F-BDBE-F3D89058215F}
		{DF6D05D7-36D3-3006-87C2-47D811062C62} = {DF6D05D7-36D3-3006-87C2-47D811062C62}
	EndProjectSection
EndProject
Project("{8BC9CEB8-8B4A-11D0-8D11-00A0C91BC942}") = "example8", "examples\example8.vcxproj", "{80C73570-DE00-3174-B39E-76EEFE606853}"
	ProjectSection(ProjectDependencies) = postProject
		{F6B3520C-BE18-311F-BDBE-F3D89058215F} = {F6B3520C-BE18-311F-BDBE-F3D89058215F}
		{DF6D05D7-36D3-3006-87C2-47D811062C62} = {DF6D05D7-36D3-3006-87C2-47D811062C62}
	EndProjectSection
EndProject
Project("{8BC9CEB8-8B4A-11D0-8D11-00A0C91BC942}") = "jrtplib-static", "src\jrtplib-static.vcxproj", "{DF6D05D7-36D3-3006-87C2-47D811062C62}"
	ProjectSection(ProjectDependencies) = postProject
		{F6B3520C-BE18-311F-BDBE-F3D89058215F} = {F6B3520C-BE18-311F-BDBE-F3D89058215F}
	EndProjectSection
EndProject
Global
	GlobalSection(SolutionConfigurationPlatforms) = preSolution
		Debug|Win32 = Debug|Win32
		Release|Win32 = Release|Win32
	EndGlobalSection
	GlobalSection(ProjectConfigurationPlatforms) = postSolution
		{64A9407F-DBCC-32CF-848A-39B3DDA48640}.Debug|Win32.ActiveCfg = Debug|Win32
		{64A9407F-DBCC-32CF-848A-39B3DDA48640}.Debug|Win32.Build.0 = Debug|Win32
		{64A9407F-DBCC-32CF-848A-39B3DDA48640}.Release|Win32.ActiveCfg = Release|Win32
		{64A9407F-DBCC-32CF-848A-39B3DDA48640}.Release|Win32.Build.0 = Release|Win32
		{0D6DB17B-72E5-3F9D-B1AC-DF6166919919}.Debug|Win32.ActiveCfg = Debug|Win32
		{0D6DB17B-72E5-3F9D-B1AC-DF6166919919}.Release|Win32.ActiveCfg = Release|Win32
		{F6B3520C-BE18-311F-BDBE-F3D89058215F}.Debug|Win32.ActiveCfg = Debug|Win32
		{F6B3520C-BE18-311F-BDBE-F3D89058215F}.Debug|Win32.Build.0 = Debug|Win32
		{F6B3520C-BE18-311F-BDBE-F3D89058215F}.Release|Win32.ActiveCfg = Release|Win32
		{F6B3520C-BE18-311F-BDBE-F3D89058215F}.Release|Win32.Build.0 = Release|Win32
		{07A71AB3-245E-3822-8BB8-B2EF1A0A8C0A}.Debug|Win32.ActiveCfg = Debug|Win32
		{07A71AB3-245E-3822-8BB8-B2EF1A0A8C0A}.Debug|Win32.Build.0 = Debug|Win32
		{07A71AB3-245E-3822-8BB8-B2EF1A0A8C0A}.Release|Win32.ActiveCfg = Release|Win32
		{07A71AB3-245E-3822-8BB8-B2EF1A0A8C0A}.Release|Win32.Build.0 = Release|Win32
		{855C8842-3531-3848-9125-20FC2D5D8E57}.Debug|Win32.ActiveCfg = Debug|Win32
		{855C8842-3531-3848-9125-20FC2D5D8E57}.Debug|Win32.Build.0 = Debug|Win32
		{855C8842-3531-3848-9125-20FC2D5D8E57}.Release|Win32.ActiveCfg = Release|Win32
		{855C8842-3531-3848-9125-20FC2D5D8E57}.Release|Win32.Build.0 = Release|Win32
		{7CB64612-82FB-36E1-B396-E7560206F9E9}.Debug|Win32.ActiveCfg = Debug|Win32
		{7CB64612-82FB-36E1-B396-E7560206F9E9}.Debug|Win32.Build.0 = Debug|Win32
		{7CB64612-82FB-36E1-B396-E7560206F9E9}.Release|Win32.ActiveCfg = Release|Win32
		{7CB64612-82FB-36E1-B396-E7560206F9E9}.Release|Win32.Build.0 = Release|Win32
		{21CD74E0-1837-3AB8-9D20-F9A1B553270B}.Debug|Win32.ActiveCfg = Debug|Win32
		{21CD74E0-1837-3AB8-9D20-F9A1B553270B}.Debug|Win32.Build.0 = Debug|Win32
		{21CD74E0-1837-3AB8-9D20-F9A1B553270B}.Release|Win32.ActiveCfg = Release|Win32
		{21CD74E0-1837-3AB8-9D20-F9A1B553270B}.Release|Win32.Build.0 = Release|Win32
		{1760021B-525D-3A69-8D04-D1B8AB45ACFD}.Debug|Win32.ActiveCfg = Debug|Win32
		{1760021B-525D-3A69-8D04-D1B8AB45ACFD}.Debug|Win32.Build.0 = Debug|Win32
		{1760021B-525D-3A69-8D04-D1B8AB45ACFD}.Release|Win32.ActiveCfg = Release|Win32
		{1760021B-525D-3A69-8D04-D1B8AB45ACFD}.Release|Win32.Build.0 = Release|Win32
		{2A8E6FE9-E070-3703-A5A8-353D638D46E3}.Debug|Win32.ActiveCfg = Debug|Win32
		{2A8E6FE9-E070-3703-A5A8-353D638D46E3}.Debug|Win32.Build.0 = Debug|Win32
		{2A8E6FE9-E070-3703-A5A8-353D638D46E3}.Release|Win32.ActiveCfg = Release|Win32
		{2A8E6FE9-E070-3703-A5A8-353D638D46E3}.Release|Win32.Build.0 = Release|Win32
		{96F4D46F-201F-3163-8BB2-ED8AC21C82BE}.Debug|Win32.ActiveCfg = Debug|Win32
		{96F4D46F-201F-3163-8BB2-ED8AC21C82BE}.Debug|Win32.Build.0 = Debug|Win32
		{96F4D46F-201F-3163-8BB2-ED8AC21C82BE}.Release|Win32.ActiveCfg = Release|Win32
		{96F4D46F-201F-3163-8BB2-ED8AC21C82BE}.Release|Win32.Build.0 = Release|Win32
		{80C73570-DE00-3174-B39E-76EEFE606853}.Debug|Win32.ActiveCfg = Debug|Win32
		{80C73570-DE00-3174-B39E-76EEFE606853}.Debug|Win32.Build.0 = Debug|Win32
		{80C73570-DE00-3174-B39E-76EEFE606853}.Release|Win32.ActiveCfg = Release|Win32
		{80C73570-DE00-3174-B39E-76EEFE606853}.Release|Win32.Build.0 = Release|Win32
		{DF6D05D7-36D3-3006-87C2-47D811062C62}.Debug|Win32.ActiveCfg = Debug|Win32
		{DF6D05D7-36D3-3006-87C2-47D811062C62}.Debug|Win32.Build.0 = Debug|Win32
		{DF6D05D7-36D3-3006-87C2-47D811062C62}.Release|Win32.ActiveCfg = Release|Win32
		{DF6D05D7-36D3-3006-87C2-47D811062C62}.Release|Win32.Build.0 = Release|Win32
	EndGlobalSection
	GlobalSection(ExtensibilityGlobals) = postSolution
		SolutionGuid = {ECCD32F8-2375-39F1-A0ED-4C3D1759DBE6}
	EndGlobalSection
	GlobalSection(ExtensibilityAddIns) = postSolution
	EndGlobalSection
EndGlobal
